// !$*UTF8*$!
{
	archiveVersion = 1;
	classes = {
	};
	objectVersion = 55;
	objects = {

/* Begin PBXBuildFile section */
		7327C6E127FEE5D6000B6B30 /* SwiftUINavigationViewIssueApp.swift in Sources */ = {isa = PBXBuildFile; fileRef = 7327C6E027FEE5D6000B6B30 /* SwiftUINavigationViewIssueApp.swift */; };
		7327C6E327FEE5D6000B6B30 /* ContentView.swift in Sources */ = {isa = PBXBuildFile; fileRef = 7327C6E227FEE5D6000B6B30 /* ContentView.swift */; };
		7327C6E527FEE5D8000B6B30 /* Assets.xcassets in Resources */ = {isa = PBXBuildFile; fileRef = 7327C6E427FEE5D8000B6B30 /* Assets.xcassets */; };
		7327C6E827FEE5D8000B6B30 /* Preview Assets.xcassets in Resources */ = {isa = PBXBuildFile; fileRef = 7327C6E727FEE5D8000B6B30 /* Preview Assets.xcassets */; };
		7327C6EA27FEE5D8000B6B30 /* Persistence.swift in Sources */ = {isa = PBXBuildFile; fileRef = 7327C6E927FEE5D8000B6B30 /* Persistence.swift */; };
		7327C6ED27FEE5D8000B6B30 /* SwiftUINavigationViewIssue.xcdatamodeld in Sources */ = {isa = PBXBuildFile; fileRef = 7327C6EB27FEE5D8000B6B30 /* SwiftUINavigationViewIssue.xcdatamodeld */; };
		7327C6F427FEE668000B6B30 /* ItemDetail.swift in Sources */ = {isa = PBXBuildFile; fileRef = 7327C6F327FEE668000B6B30 /* ItemDetail.swift */; };
		7327C6F627FEE7B2000B6B30 /* DateEditor.swift in Sources */ = {isa = PBXBuildFile; fileRef = 7327C6F527FEE7B2000B6B30 /* DateEditor.swift */; };
		7327C6F827FEE825000B6B30 /* Item+.swift in Sources */ = {isa = PBXBuildFile; fileRef = 7327C6F727FEE825000B6B30 /* Item+.swift */; };
/* End PBXBuildFile section */

/* Begin PBXFileReference section */
		7327C6DD27FEE5D6000B6B30 /* SwiftUINavigationViewIssue.app */ = {isa = PBXFileReference; explicitFileType = wrapper.application; includeInIndex = 0; path = SwiftUINavigationViewIssue.app; sourceTree = BUILT_PRODUCTS_DIR; };
		7327C6E027FEE5D6000B6B30 /* SwiftUINavigationViewIssueApp.swift */ = {isa = PBXFileReference; lastKnownFileType = sourcecode.swift; path = SwiftUINavigationViewIssueApp.swift; sourceTree = "<group>"; };
		7327C6E227FEE5D6000B6B30 /* ContentView.swift */ = {isa = PBXFileReference; lastKnownFileType = sourcecode.swift; path = ContentView.swift; sourceTree = "<group>"; };
		7327C6E427FEE5D8000B6B30 /* Assets.xcassets */ = {isa = PBXFileReference; lastKnownFileType = folder.assetcatalog; path = Assets.xcassets; sourceTree = "<group>"; };
		7327C6E727FEE5D8000B6B30 /* Preview Assets.xcassets */ = {isa = PBXFileReference; lastKnownFileType = folder.assetcatalog; path = "Preview Assets.xcassets"; sourceTree = "<group>"; };
		7327C6E927FEE5D8000B6B30 /* Persistence.swift */ = {isa = PBXFileReference; lastKnownFileType = sourcecode.swift; path = Persistence.swift; sourceTree = "<group>"; };
		7327C6EC27FEE5D8000B6B30 /* SwiftUINavigationViewIssue.xcdatamodel */ = {isa = PBXFileReference; lastKnownFileType = wrapper.xcdatamodel; path = SwiftUINavigationViewIssue.xcdatamodel; sourceTree = "<group>"; };
		7327C6F327FEE668000B6B30 /* ItemDetail.swift */ = {isa = PBXFileReference; lastKnownFileType = sourcecode.swift; path = ItemDetail.swift; sourceTree = "<group>"; };
		7327C6F527FEE7B2000B6B30 /* DateEditor.swift */ = {isa = PBXFileReference; lastKnownFileType = sourcecode.swift; path = DateEditor.swift; sourceTree = "<group>"; };
		7327C6F727FEE825000B6B30 /* Item+.swift */ = {isa = PBXFileReference; lastKnownFileType = sourcecode.swift; path = "Item+.swift"; sourceTree = "<group>"; };
/* End PBXFileReference section */

/* Begin PBXFrameworksBuildPhase section */
		7327C6DA27FEE5D6000B6B30 /* Frameworks */ = {
			isa = PBXFrameworksBuildPhase;
			buildActionMask = 2147483647;
			files = (
			);
			runOnlyForDeploymentPostprocessing = 0;
		};
/* End PBXFrameworksBuildPhase section */

/* Begin PBXGroup section */
		7327C6D427FEE5D6000B6B30 = {
			isa = PBXGroup;
			children = (
				7327C6DF27FEE5D6000B6B30 /* SwiftUINavigationViewIssue */,
				7327C6DE27FEE5D6000B6B30 /* Products */,
			);
			sourceTree = "<group>";
		};
		7327C6DE27FEE5D6000B6B30 /* Products */ = {
			isa = PBXGroup;
			children = (
				7327C6DD27FEE5D6000B6B30 /* SwiftUINavigationViewIssue.app */,
			);
			name = Products;
			sourceTree = "<group>";
		};
		7327C6DF27FEE5D6000B6B30 /* SwiftUINavigationViewIssue */ = {
			isa = PBXGroup;
			children = (
				7327C6E027FEE5D6000B6B30 /* SwiftUINavigationViewIssueApp.swift */,
				7327C6E227FEE5D6000B6B30 /* ContentView.swift */,
				7327C6F727FEE825000B6B30 /* Item+.swift */,
				7327C6F327FEE668000B6B30 /* ItemDetail.swift */,
				7327C6F527FEE7B2000B6B30 /* DateEditor.swift */,
				7327C6E427FEE5D8000B6B30 /* Assets.xcassets */,
				7327C6E927FEE5D8000B6B30 /* Persistence.swift */,
				7327C6EB27FEE5D8000B6B30 /* SwiftUINavigationViewIssue.xcdatamodeld */,
				7327C6E627FEE5D8000B6B30 /* Preview Content */,
			);
			path = SwiftUINavigationViewIssue;
			sourceTree = "<group>";
		};
		7327C6E627FEE5D8000B6B30 /* Preview Content */ = {
			isa = PBXGroup;
			children = (
				7327C6E727FEE5D8000B6B30 /* Preview Assets.xcassets */,
			);
			path = "Preview Content";
			sourceTree = "<group>";
		};
/* End PBXGroup section */

/* Begin PBXNativeTarget section */
		7327C6DC27FEE5D6000B6B30 /* SwiftUINavigationViewIssue */ = {
			isa = PBXNativeTarget;
			buildConfigurationList = 7327C6F027FEE5D8000B6B30 /* Build configuration list for PBXNativeTarget "SwiftUINavigationViewIssue" */;
			buildPhases = (
				7327C6D927FEE5D6000B6B30 /* Sources */,
				7327C6DA27FEE5D6000B6B30 /* Frameworks */,
				7327C6DB27FEE5D6000B6B30 /* Resources */,
			);
			buildRules = (
			);
			dependencies = (
			);
			name = SwiftUINavigationViewIssue;
			productName = SwiftUINavigationViewIssue;
			productReference = 7327C6DD27FEE5D6000B6B30 /* SwiftUINavigationViewIssue.app */;
			productType = "com.apple.product-type.application";
		};
/* End PBXNativeTarget section */

/* Begin PBXProject section */
		7327C6D527FEE5D6000B6B30 /* Project object */ = {
			isa = PBXProject;
			attributes = {
				BuildIndependentTargetsInParallel = 1;
				LastSwiftUpdateCheck = 1330;
				LastUpgradeCheck = 1330;
				TargetAttributes = {
					7327C6DC27FEE5D6000B6B30 = {
						CreatedOnToolsVersion = 13.3;
					};
				};
			};
			buildConfigurationList = 7327C6D827FEE5D6000B6B30 /* Build configuration list for PBXProject "SwiftUINavigationViewIssue" */;
			compatibilityVersion = "Xcode 13.0";
			developmentRegion = en;
			hasScannedForEncodings = 0;
			knownRegions = (
				en,
				Base,
			);
			mainGroup = 7327C6D427FEE5D6000B6B30;
			productRefGroup = 7327C6DE27FEE5D6000B6B30 /* Products */;
			projectDirPath = "";
			projectRoot = "";
			targets = (
				7327C6DC27FEE5D6000B6B30 /* SwiftUINavigationViewIssue */,
			);
		};
/* End PBXProject section */

/* Begin PBXResourcesBuildPhase section */
		7327C6DB27FEE5D6000B6B30 /* Resources */ = {
			isa = PBXResourcesBuildPhase;
			buildActionMask = 2147483647;
			files = (
				7327C6E827FEE5D8000B6B30 /* Preview Assets.xcassets in Resources */,
				7327C6E527FEE5D8000B6B30 /* Assets.xcassets in Resources */,
			);
			runOnlyForDeploymentPostprocessing = 0;
		};
/* End PBXResourcesBuildPhase section */

/* Begin PBXSourcesBuildPhase section */
		7327C6D927FEE5D6000B6B30 /* Sources */ = {
			isa = PBXSourcesBuildPhase;
			buildActionMask = 2147483647;
			files = (
				7327C6F827FEE825000B6B30 /* Item+.swift in Sources */,
				7327C6F627FEE7B2000B6B30 /* DateEditor.swift in Sources */,
				7327C6EA27FEE5D8000B6B30 /* Persistence.swift in Sources */,
				7327C6E327FEE5D6000B6B30 /* ContentView.swift in Sources */,
				7327C6ED27FEE5D8000B6B30 /* SwiftUINavigationViewIssue.xcdatamodeld in Sources */,
				7327C6F427FEE668000B6B30 /* ItemDetail.swift in Sources */,
				7327C6E127FEE5D6000B6B30 /* SwiftUINavigationViewIssueApp.swift in Sources */,
			);
			runOnlyForDeploymentPostprocessing = 0;
		};
/* End PBXSourcesBuildPhase section */

/* Begin XCBuildConfiguration section */
		7327C6EE27FEE5D8000B6B30 /* Debug */ = {
			isa = XCBuildConfiguration;
			buildSettings = {
				ALWAYS_SEARCH_USER_PATHS = NO;
				CLANG_ANALYZER_NONNULL = YES;
				CLANG_ANALYZER_NUMBER_OBJECT_CONVERSION = YES_AGGRESSIVE;
				CLANG_CXX_LANGUAGE_STANDARD = "gnu++17";
				CLANG_ENABLE_MODULES = YES;
				CLANG_ENABLE_OBJC_ARC = YES;
				CLANG_ENABLE_OBJC_WEAK = YES;
				CLANG_WARN_BLOCK_CAPTURE_AUTORELEASING = YES;
				CLANG_WARN_BOOL_CONVERSION = YES;
				CLANG_WARN_COMMA = YES;
				CLANG_WARN_CONSTANT_CONVERSION = YES;
				CLANG_WARN_DEPRECATED_OBJC_IMPLEMENTATIONS = YES;
				CLANG_WARN_DIRECT_OBJC_ISA_USAGE = YES_ERROR;
				CLANG_WARN_DOCUMENTATION_COMMENTS = YES;
				CLANG_WARN_EMPTY_BODY = YES;
				CLANG_WARN_ENUM_CONVERSION = YES;
				CLANG_WARN_INFINITE_RECURSION = YES;
				CLANG_WARN_INT_CONVERSION = YES;
				CLANG_WARN_NON_LITERAL_NULL_CONVERSION = YES;
				CLANG_WARN_OBJC_IMPLICIT_RETAIN_SELF = YES;
				CLANG_WARN_OBJC_LITERAL_CONVERSION = YES;
				CLANG_WARN_OBJC_ROOT_CLASS = YES_ERROR;
				CLANG_WARN_QUOTED_INCLUDE_IN_FRAMEWORK_HEADER = YES;
				CLANG_WARN_RANGE_LOOP_ANALYSIS = YES;
				CLANG_WARN_STRICT_PROTOTYPES = YES;
				CLANG_WARN_SUSPICIOUS_MOVE = YES;
				CLANG_WARN_UNGUARDED_AVAILABILITY = YES_AGGRESSIVE;
				CLANG_WARN_UNREACHABLE_CODE = YES;
				CLANG_WARN__DUPLICATE_METHOD_MATCH = YES;
				COPY_PHASE_STRIP = NO;
				DEBUG_INFORMATION_FORMAT = dwarf;
				ENABLE_STRICT_OBJC_MSGSEND = YES;
				ENABLE_TESTABILITY = YES;
				GCC_C_LANGUAGE_STANDARD = gnu11;
				GCC_DYNAMIC_NO_PIC = NO;
				GCC_NO_COMMON_BLOCKS = YES;
				GCC_OPTIMIZATION_LEVEL = 0;
				GCC_PREPROCESSOR_DEFINITIONS = (
					"DEBUG=1",
					"$(inherited)",
				);
				GCC_WARN_64_TO_32_BIT_CONVERSION = YES;
				GCC_WARN_ABOUT_RETURN_TYPE = YES_ERROR;
				GCC_WARN_UNDECLARED_SELECTOR = YES;
				GCC_WARN_UNINITIALIZED_AUTOS = YES_AGGRESSIVE;
				GCC_WARN_UNUSED_FUNCTION = YES;
				GCC_WARN_UNUSED_VARIABLE = YES;
				IPHONEOS_DEPLOYMENT_TARGET = 15.4;
				MTL_ENABLE_DEBUG_INFO = INCLUDE_SOURCE;
				MTL_FAST_MATH = YES;
				ONLY_ACTIVE_ARCH = YES;
				SDKROOT = iphoneos;
				SWIFT_ACTIVE_COMPILATION_CONDITIONS = DEBUG;
				SWIFT_OPTIMIZATION_LEVEL = "-Onone";
			};
			name = Debug;
		};
		7327C6EF27FEE5D8000B6B30 /* Release */ = {
			isa = XCBuildConfiguration;
			buildSettings = {
				ALWAYS_SEARCH_USER_PATHS = NO;
				CLANG_ANALYZER_NONNULL = YES;
				CLANG_ANALYZER_NUMBER_OBJECT_CONVERSION = YES_AGGRESSIVE;
				CLANG_CXX_LANGUAGE_STANDARD = "gnu++17";
				CLANG_ENABLE_MODULES = YES;
				CLANG_ENABLE_OBJC_ARC = YES;
				CLANG_ENABLE_OBJC_WEAK = YES;
				CLANG_WARN_BLOCK_CAPTURE_AUTORELEASING = YES;
				CLANG_WARN_BOOL_CONVERSION = YES;
				CLANG_WARN_COMMA = YES;
				CLANG_WARN_CONSTANT_CONVERSION = YES;
				CLANG_WARN_DEPRECATED_OBJC_IMPLEMENTATIONS = YES;
				CLANG_WARN_DIRECT_OBJC_ISA_USAGE = YES_ERROR;
				CLANG_WARN_DOCUMENTATION_COMMENTS = YES;
				CLANG_WARN_EMPTY_BODY = YES;
				CLANG_WARN_ENUM_CONVERSION = YES;
				CLANG_WARN_INFINITE_RECURSION = YES;
				CLANG_WARN_INT_CONVERSION = YES;
				CLANG_WARN_NON_LITERAL_NULL_CONVERSION = YES;
				CLANG_WARN_OBJC_IMPLICIT_RETAIN_SELF = YES;
				CLANG_WARN_OBJC_LITERAL_CONVERSION = YES;
				CLANG_WARN_OBJC_ROOT_CLASS = YES_ERROR;
				CLANG_WARN_QUOTED_INCLUDE_IN_FRAMEWORK_HEADER = YES;
				CLANG_WARN_RANGE_LOOP_ANALYSIS = YES;
				CLANG_WARN_STRICT_PROTOTYPES = YES;
				CLANG_WARN_SUSPICIOUS_MOVE = YES;
				CLANG_WARN_UNGUARDED_AVAILABILITY = YES_AGGRESSIVE;
				CLANG_WARN_UNREACHABLE_CODE = YES;
				CLANG_WARN__DUPLICATE_METHOD_MATCH = YES;
				COPY_PHASE_STRIP = NO;
				DEBUG_INFORMATION_FORMAT = "dwarf-with-dsym";
				ENABLE_NS_ASSERTIONS = NO;
				ENABLE_STRICT_OBJC_MSGSEND = YES;
				GCC_C_LANGUAGE_STANDARD = gnu11;
				GCC_NO_COMMON_BLOCKS = YES;
				GCC_WARN_64_TO_32_BIT_CONVERSION = YES;
				GCC_WARN_ABOUT_RETURN_TYPE = YES_ERROR;
				GCC_WARN_UNDECLARED_SELECTOR = YES;
				GCC_WARN_UNINITIALIZED_AUTOS = YES_AGGRESSIVE;
				GCC_WARN_UNUSED_FUNCTION = YES;
				GCC_WARN_UNUSED_VARIABLE = YES;
				IPHONEOS_DEPLOYMENT_TARGET = 15.4;
				MTL_ENABLE_DEBUG_INFO = NO;
				MTL_FAST_MATH = YES;
				SDKROOT = iphoneos;
				SWIFT_COMPILATION_MODE = wholemodule;
				SWIFT_OPTIMIZATION_LEVEL = "-O";
				VALIDATE_PRODUCT = YES;
			};
			name = Release;
		};
		7327C6F127FEE5D8000B6B30 /* Debug */ = {
			isa = XCBuildConfiguration;
			buildSettings = {
				ASSETCATALOG_COMPILER_APPICON_NAME = AppIcon;
				ASSETCATALOG_COMPILER_GLOBAL_ACCENT_COLOR_NAME = AccentColor;
				CODE_SIGN_STYLE = Automatic;
				CURRENT_PROJECT_VERSION = 1;
				DEVELOPMENT_ASSET_PATHS = "\"SwiftUINavigationViewIssue/Preview Content\"";
				DEVELOPMENT_TEAM = LBC5DS5WB6;
				ENABLE_PREVIEWS = YES;
				GENERATE_INFOPLIST_FILE = YES;
				INFOPLIST_KEY_UIApplicationSceneManifest_Generation = YES;
				INFOPLIST_KEY_UIApplicationSupportsIndirectInputEvents = YES;
				INFOPLIST_KEY_UILaunchScreen_Generation = YES;
				INFOPLIST_KEY_UISupportedInterfaceOrientations_iPad = "UIInterfaceOrientationPortrait UIInterfaceOrientationPortraitUpsideDown UIInterfaceOrientationLandscapeLeft UIInterfaceOrientationLandscapeRight";
				INFOPLIST_KEY_UISupportedInterfaceOrientations_iPhone = "UIInterfaceOrientationPortrait UIInterfaceOrientationLandscapeLeft UIInterfaceOrientationLandscapeRight";
				LD_RUNPATH_SEARCH_PATHS = (
					"$(inherited)",
					"@executable_path/Frameworks",
				);
				MARKETING_VERSION = 1.0;
				PRODUCT_BUNDLE_IDENTIFIER = com.genebogdanovich.SwiftUINavigationViewIssue;
				PRODUCT_NAME = "$(TARGET_NAME)";
				SWIFT_EMIT_LOC_STRINGS = YES;
				SWIFT_VERSION = 5.0;
				TARGETED_DEVICE_FAMILY = "1,2";
			};
			name = Debug;
		};
		7327C6F227FEE5D8000B6B30 /* Release */ = {
			isa = XCBuildConfiguration;
			buildSettings = {
				ASSETCATALOG_COMPILER_APPICON_NAME = AppIcon;
				ASSETCATALOG_COMPILER_GLOBAL_ACCENT_COLOR_NAME = AccentColor;
				CODE_SIGN_STYLE = Automatic;
				CURRENT_PROJECT_VERSION = 1;
				DEVELOPMENT_ASSET_PATHS = "\"SwiftUINavigationViewIssue/Preview Content\"";
				DEVELOPMENT_TEAM = LBC5DS5WB6;
				ENABLE_PREVIEWS = YES;
				GENERATE_INFOPLIST_FILE = YES;
				INFOPLIST_KEY_UIApplicationSceneManifest_Generation = YES;
				INFOPLIST_KEY_UIApplicationSupportsIndirectInputEvents = YES;
				INFOPLIST_KEY_UILaunchScreen_Generation = YES;
				INFOPLIST_KEY_UISupportedInterfaceOrientations_iPad = "UIInterfaceOrientationPortrait UIInterfaceOrientationPortraitUpsideDown UIInterfaceOrientationLandscapeLeft UIInterfaceOrientationLandscapeRight";
				INFOPLIST_KEY_UISupportedInterfaceOrientations_iPhone = "UIInterfaceOrientationPortrait UIInterfaceOrientationLandscapeLeft UIInterfaceOrientationLandscapeRight";
				LD_RUNPATH_SEARCH_PATHS = (
					"$(inherited)",
					"@executable_path/Frameworks",
				);
				MARKETING_VERSION = 1.0;
				PRODUCT_BUNDLE_IDENTIFIER = com.genebogdanovich.SwiftUINavigationViewIssue;
				PRODUCT_NAME = "$(TARGET_NAME)";
				SWIFT_EMIT_LOC_STRINGS = YES;
				SWIFT_VERSION = 5.0;
				TARGETED_DEVICE_FAMILY = "1,2";
			};
			name = Release;
		};
/* End XCBuildConfiguration section */

/* Begin XCConfigurationList section */
		7327C6D827FEE5D6000B6B30 /* Build configuration list for PBXProject "SwiftUINavigationViewIssue" */ = {
			isa = XCConfigurationList;
			buildConfigurations = (
				7327C6EE27FEE5D8000B6B30 /* Debug */,
				7327C6EF27FEE5D8000B6B30 /* Release */,
			);
			defaultConfigurationIsVisible = 0;
			defaultConfigurationName = Release;
		};
		7327C6F027FEE5D8000B6B30 /* Build configuration list for PBXNativeTarget "SwiftUINavigationViewIssue" */ = {
			isa = XCConfigurationList;
			buildConfigurations = (
				7327C6F127FEE5D8000B6B30 /* Debug */,
				7327C6F227FEE5D8000B6B30 /* Release */,
			);
			defaultConfigurationIsVisible = 0;
			defaultConfigurationName = Release;
		};
/* End XCConfigurationList section */

/* Begin XCVersionGroup section */
		7327C6EB27FEE5D8000B6B30 /* SwiftUINavigationViewIssue.xcdatamodeld */ = {
			isa = XCVersionGroup;
			children = (
				7327C6EC27FEE5D8000B6B30 /* SwiftUINavigationViewIssue.xcdatamodel */,
			);
			currentVersion = 7327C6EC27FEE5D8000B6B30 /* SwiftUINavigationViewIssue.xcdatamodel */;
			path = SwiftUINavigationViewIssue.xcdatamodeld;
			sourceTree = "<group>";
			versionGroupType = wrapper.xcdatamodel;
		};
/* End XCVersionGroup section */
	};
	rootObject = 7327C6D527FEE5D6000B6B30 /* Project object */;
}
